
Microsoft Visual Studio Solution File, Format Version 12.00
# Visual Studio Version 17
VisualStudioVersion = 17.1.32210.238
MinimumVisualStudioVersion = 10.0.40219.1
Project("{FAE04EC0-301F-11D3-BF4B-00C04F79EFBC}") = "ProjFunLambda", "ProjFunLambda\ProjFunLambda.csproj", "{B05DFF1F-5E1B-4356-A2B8-4C837B1A8117}"
EndProject
Global
	GlobalSection(SolutionConfigurationPlatforms) = preSolution
		Debug|Any CPU = Debug|Any CPU
		Release|Any CPU = Release|Any CPU
	EndGlobalSection
	GlobalSection(ProjectConfigurationPlatforms) = postSolution
		{B05DFF1F-5E1B-4356-A2B8-4C837B1A8117}.Debug|Any CPU.ActiveCfg = Debug|Any CPU
		{B05DFF1F-5E1B-4356-A2B8-4C837B1A8117}.Debug|Any CPU.Build.0 = Debug|Any CPU
		{B05DFF1F-5E1B-4356-A2B8-4C837B1A8117}.Release|Any CPU.ActiveCfg = Release|Any CPU
		{B05DFF1F-5E1B-4356-A2B8-4C837B1A8117}.Release|Any CPU.Build.0 = Release|Any CPU
	EndGlobalSection
	GlobalSection(SolutionProperties) = preSolution
		HideSolutionNode = FALSE
	EndGlobalSection
	GlobalSection(ExtensibilityGlobals) = postSolution
		SolutionGuid = {7E40F454-2AA0-4168-ADC0-9D7CCC144614}
	EndGlobalSection
EndGlobal
